
Microsoft Visual Studio Solution File, Format Version 12.00
# Visual Studio Version 17
VisualStudioVersion = 17.13.35806.99 d17.13
MinimumVisualStudioVersion = 10.0.40219.1
Project("{FAE04EC0-301F-11D3-BF4B-00C04F79EFBC}") = "WithoutStratergyPattern", "WithoutStratergyPattern\WithoutStratergyPattern.csproj", "{3BEF694B-AB80-40C0-9087-66E59C9B4EA2}"
EndProject
Project("{FAE04EC0-301F-11D3-BF4B-00C04F79EFBC}") = "WithStratergyPattern", "WithStratergyPattern\WithStratergyPattern.csproj", "{6E549A82-2D91-4B73-AF17-4A51908534F8}"
EndProject
Project("{FAE04EC0-301F-11D3-BF4B-00C04F79EFBC}") = "ObserverPattern", "ObserverPattern\ObserverPattern.csproj", "{1E6D1A2F-4E0A-4281-9BF3-96D5BDC19C72}"
EndProject
Global
	GlobalSection(SolutionConfigurationPlatforms) = preSolution
		Debug|Any CPU = Debug|Any CPU
		Release|Any CPU = Release|Any CPU
	EndGlobalSection
	GlobalSection(ProjectConfigurationPlatforms) = postSolution
		{3BEF694B-AB80-40C0-9087-66E59C9B4EA2}.Debug|Any CPU.ActiveCfg = Debug|Any CPU
		{3BEF694B-AB80-40C0-9087-66E59C9B4EA2}.Debug|Any CPU.Build.0 = Debug|Any CPU
		{3BEF694B-AB80-40C0-9087-66E59C9B4EA2}.Release|Any CPU.ActiveCfg = Release|Any CPU
		{3BEF694B-AB80-40C0-9087-66E59C9B4EA2}.Release|Any CPU.Build.0 = Release|Any CPU
		{6E549A82-2D91-4B73-AF17-4A51908534F8}.Debug|Any CPU.ActiveCfg = Debug|Any CPU
		{6E549A82-2D91-4B73-AF17-4A51908534F8}.Debug|Any CPU.Build.0 = Debug|Any CPU
		{6E549A82-2D91-4B73-AF17-4A51908534F8}.Release|Any CPU.ActiveCfg = Release|Any CPU
		{6E549A82-2D91-4B73-AF17-4A51908534F8}.Release|Any CPU.Build.0 = Release|Any CPU
		{1E6D1A2F-4E0A-4281-9BF3-96D5BDC19C72}.Debug|Any CPU.ActiveCfg = Debug|Any CPU
		{1E6D1A2F-4E0A-4281-9BF3-96D5BDC19C72}.Debug|Any CPU.Build.0 = Debug|Any CPU
		{1E6D1A2F-4E0A-4281-9BF3-96D5BDC19C72}.Release|Any CPU.ActiveCfg = Release|Any CPU
		{1E6D1A2F-4E0A-4281-9BF3-96D5BDC19C72}.Release|Any CPU.Build.0 = Release|Any CPU
	EndGlobalSection
	GlobalSection(SolutionProperties) = preSolution
		HideSolutionNode = FALSE
	EndGlobalSection
	GlobalSection(ExtensibilityGlobals) = postSolution
		SolutionGuid = {709162F6-35AA-438C-B07A-9CC960EEDEDF}
	EndGlobalSection
EndGlobal
