
Microsoft Visual Studio Solution File, Format Version 12.00
# Visual Studio Version 17
VisualStudioVersion = 17.13.35806.99
MinimumVisualStudioVersion = 10.0.40219.1
Project("{FAE04EC0-301F-11D3-BF4B-00C04F79EFBC}") = "WithoutStratergyPattern", "WithoutStratergyPattern\WithoutStratergyPattern.csproj", "{3BEF694B-AB80-40C0-9087-66E59C9B4EA2}"
EndProject
Project("{FAE04EC0-301F-11D3-BF4B-00C04F79EFBC}") = "WithStratergyPattern", "WithStratergyPattern\WithStratergyPattern.csproj", "{6E549A82-2D91-4B73-AF17-4A51908534F8}"
EndProject
Project("{FAE04EC0-301F-11D3-BF4B-00C04F79EFBC}") = "ObserverPattern", "ObserverPattern\ObserverPattern.csproj", "{1E6D1A2F-4E0A-4281-9BF3-96D5BDC19C72}"
EndProject
Project("{FAE04EC0-301F-11D3-BF4B-00C04F79EFBC}") = "DecoratorPattern", "DecoratorPattern\DecoratorPattern.csproj", "{EE217891-A396-4828-AACF-091099BDD968}"
EndProject
Project("{FAE04EC0-301F-11D3-BF4B-00C04F79EFBC}") = "FactoryPattern", "FactoryPattern\FactoryPattern.csproj", "{4A1A1BF2-5A84-49E7-BBEC-50F2953B373B}"
EndProject
Project("{FAE04EC0-301F-11D3-BF4B-00C04F79EFBC}") = "AbstractFactory", "AbstractFactory\AbstractFactory.csproj", "{1A71D2C3-6752-4C5E-99D2-8ECC96816B5F}"
EndProject
Project("{FAE04EC0-301F-11D3-BF4B-00C04F79EFBC}") = "ChainOfResponsibiltyPattern", "ChainOfResponsibiltyPattern\ChainOfResponsibiltyPattern.csproj", "{A5625DCB-6B87-414D-A6A3-603836C681CB}"
EndProject
Project("{FAE04EC0-301F-11D3-BF4B-00C04F79EFBC}") = "ChainOfResponsibilityPattern2", "ChainOfResponsibilityPattern2\ChainOfResponsibilityPattern2.csproj", "{743C4658-BCE7-4D48-87DE-7125896C0BA1}"
EndProject
Project("{FAE04EC0-301F-11D3-BF4B-00C04F79EFBC}") = "ProxyPattern", "ProxyPattern\ProxyPattern.csproj", "{B408121C-3A84-430B-8BD5-7421C55CE4D0}"
EndProject
Project("{FAE04EC0-301F-11D3-BF4B-00C04F79EFBC}") = "NullObjectPattern", "NullObjectPattern\NullObjectPattern.csproj", "{93D90B67-B6F4-4815-BD11-013AC97CB438}"
EndProject
Project("{FAE04EC0-301F-11D3-BF4B-00C04F79EFBC}") = "StateDesignPattern", "StateDesignPatttern\StateDesignPattern.csproj", "{77D6C8B3-36A5-4E80-9C31-03D9EF320EBE}"
EndProject
Project("{FAE04EC0-301F-11D3-BF4B-00C04F79EFBC}") = "FileSystem", "FileSystem\FileSystem.csproj", "{F1A46F34-5664-40CC-A48A-D63D98B0C132}"
EndProject
Project("{FAE04EC0-301F-11D3-BF4B-00C04F79EFBC}") = "Calculator", "Calculator\Calculator.csproj", "{C6119903-0A59-4C28-9316-3D23A64D0929}"
EndProject
Project("{FAE04EC0-301F-11D3-BF4B-00C04F79EFBC}") = "AdapterPattern", "AdapterPattern\AdapterPattern.csproj", "{41FBCECF-8D7D-41B1-8F17-D2A963D8D9F5}"
EndProject
Project("{FAE04EC0-301F-11D3-BF4B-00C04F79EFBC}") = "BuilderPattern", "BuilderPattern\BuilderPattern.csproj", "{F946DF7F-9E3C-4C41-938B-BE265A835389}"
EndProject
Project("{FAE04EC0-301F-11D3-BF4B-00C04F79EFBC}") = "FacadePattern", "FacadePattern\FacadePattern.csproj", "{007D35B1-DA97-446E-8EDE-BBF1D385B336}"
EndProject
Project("{FAE04EC0-301F-11D3-BF4B-00C04F79EFBC}") = "WithBridgePattern", "WithBridgePattern\WithBridgePattern.csproj", "{2EF783E8-8EF5-4D46-839C-8BA2B0092317}"
EndProject
Project("{FAE04EC0-301F-11D3-BF4B-00C04F79EFBC}") = "WithoutBridgePattern", "WithoutBridgePattern\WithoutBridgePattern.csproj", "{D10D6A1F-DEE4-4588-AB61-3DCDDA0969A9}"
EndProject
Project("{FAE04EC0-301F-11D3-BF4B-00C04F79EFBC}") = "PrototypePattern", "PrototypePattern\PrototypePattern.csproj", "{1CB89F11-F73D-4E07-A765-52059FBF4A15}"
EndProject
Project("{2150E333-8FDC-42A3-9474-1A3956D46DE8}") = "FlyWeightPattern", "FlyWeightPattern", "{02EA681E-C7D8-13C7-8484-4AC65E1B71E8}"
EndProject
Project("{FAE04EC0-301F-11D3-BF4B-00C04F79EFBC}") = "WithFlyWeightPattern_Game", "WithFlyWeightPattern_Game\WithFlyWeightPattern_Game.csproj", "{3D51320E-D5A1-4035-B85B-A3E1B25AF9E1}"
EndProject
Project("{FAE04EC0-301F-11D3-BF4B-00C04F79EFBC}") = "WithoutFlyWeightPatternGame", "WithoutFlyWeightPatternGame\WithoutFlyWeightPatternGame.csproj", "{2237A04F-DA58-4D0E-A3E7-52703442F430}"
EndProject
Project("{FAE04EC0-301F-11D3-BF4B-00C04F79EFBC}") = "DesignDocWithFlyWeightPattern", "DesignDocWithFlyWeightPattern\DesignDocWithFlyWeightPattern.csproj", "{4715905F-4430-480D-BC8F-2D32DEB5A4D3}"
EndProject
Project("{FAE04EC0-301F-11D3-BF4B-00C04F79EFBC}") = "DesignDocWithoutFlyWeightPattern", "DesignDocWithoutFlyWeightPattern\DesignDocWithoutFlyWeightPattern.csproj", "{2705BF22-66FA-4539-BB71-86825786904B}"
EndProject
Project("{FAE04EC0-301F-11D3-BF4B-00C04F79EFBC}") = "CommanderPattern", "CommanderPattern\CommanderPattern.csproj", "{AFF44E82-F284-44DE-A2D5-EB826BC9FE9B}"
EndProject
Project("{FAE04EC0-301F-11D3-BF4B-00C04F79EFBC}") = "IteratorPattern", "IteratorPattern\IteratorPattern.csproj", "{326F8845-D832-405B-A3BD-1B3F71D1A402}"
EndProject
Project("{FAE04EC0-301F-11D3-BF4B-00C04F79EFBC}") = "MediatorPattern", "MediatorPattern\MediatorPattern.csproj", "{D9A63371-AA6A-4A57-B2DE-9D8E31066633}"
EndProject
Global
	GlobalSection(SolutionConfigurationPlatforms) = preSolution
		Debug|Any CPU = Debug|Any CPU
		Release|Any CPU = Release|Any CPU
	EndGlobalSection
	GlobalSection(ProjectConfigurationPlatforms) = postSolution
		{3BEF694B-AB80-40C0-9087-66E59C9B4EA2}.Debug|Any CPU.ActiveCfg = Debug|Any CPU
		{3BEF694B-AB80-40C0-9087-66E59C9B4EA2}.Debug|Any CPU.Build.0 = Debug|Any CPU
		{3BEF694B-AB80-40C0-9087-66E59C9B4EA2}.Release|Any CPU.ActiveCfg = Release|Any CPU
		{3BEF694B-AB80-40C0-9087-66E59C9B4EA2}.Release|Any CPU.Build.0 = Release|Any CPU
		{6E549A82-2D91-4B73-AF17-4A51908534F8}.Debug|Any CPU.ActiveCfg = Debug|Any CPU
		{6E549A82-2D91-4B73-AF17-4A51908534F8}.Debug|Any CPU.Build.0 = Debug|Any CPU
		{6E549A82-2D91-4B73-AF17-4A51908534F8}.Release|Any CPU.ActiveCfg = Release|Any CPU
		{6E549A82-2D91-4B73-AF17-4A51908534F8}.Release|Any CPU.Build.0 = Release|Any CPU
		{1E6D1A2F-4E0A-4281-9BF3-96D5BDC19C72}.Debug|Any CPU.ActiveCfg = Debug|Any CPU
		{1E6D1A2F-4E0A-4281-9BF3-96D5BDC19C72}.Debug|Any CPU.Build.0 = Debug|Any CPU
		{1E6D1A2F-4E0A-4281-9BF3-96D5BDC19C72}.Release|Any CPU.ActiveCfg = Release|Any CPU
		{1E6D1A2F-4E0A-4281-9BF3-96D5BDC19C72}.Release|Any CPU.Build.0 = Release|Any CPU
		{EE217891-A396-4828-AACF-091099BDD968}.Debug|Any CPU.ActiveCfg = Debug|Any CPU
		{EE217891-A396-4828-AACF-091099BDD968}.Debug|Any CPU.Build.0 = Debug|Any CPU
		{EE217891-A396-4828-AACF-091099BDD968}.Release|Any CPU.ActiveCfg = Release|Any CPU
		{EE217891-A396-4828-AACF-091099BDD968}.Release|Any CPU.Build.0 = Release|Any CPU
		{4A1A1BF2-5A84-49E7-BBEC-50F2953B373B}.Debug|Any CPU.ActiveCfg = Debug|Any CPU
		{4A1A1BF2-5A84-49E7-BBEC-50F2953B373B}.Debug|Any CPU.Build.0 = Debug|Any CPU
		{4A1A1BF2-5A84-49E7-BBEC-50F2953B373B}.Release|Any CPU.ActiveCfg = Release|Any CPU
		{4A1A1BF2-5A84-49E7-BBEC-50F2953B373B}.Release|Any CPU.Build.0 = Release|Any CPU
		{1A71D2C3-6752-4C5E-99D2-8ECC96816B5F}.Debug|Any CPU.ActiveCfg = Debug|Any CPU
		{1A71D2C3-6752-4C5E-99D2-8ECC96816B5F}.Debug|Any CPU.Build.0 = Debug|Any CPU
		{1A71D2C3-6752-4C5E-99D2-8ECC96816B5F}.Release|Any CPU.ActiveCfg = Release|Any CPU
		{1A71D2C3-6752-4C5E-99D2-8ECC96816B5F}.Release|Any CPU.Build.0 = Release|Any CPU
		{A5625DCB-6B87-414D-A6A3-603836C681CB}.Debug|Any CPU.ActiveCfg = Debug|Any CPU
		{A5625DCB-6B87-414D-A6A3-603836C681CB}.Debug|Any CPU.Build.0 = Debug|Any CPU
		{A5625DCB-6B87-414D-A6A3-603836C681CB}.Release|Any CPU.ActiveCfg = Release|Any CPU
		{A5625DCB-6B87-414D-A6A3-603836C681CB}.Release|Any CPU.Build.0 = Release|Any CPU
		{743C4658-BCE7-4D48-87DE-7125896C0BA1}.Debug|Any CPU.ActiveCfg = Debug|Any CPU
		{743C4658-BCE7-4D48-87DE-7125896C0BA1}.Debug|Any CPU.Build.0 = Debug|Any CPU
		{743C4658-BCE7-4D48-87DE-7125896C0BA1}.Release|Any CPU.ActiveCfg = Release|Any CPU
		{743C4658-BCE7-4D48-87DE-7125896C0BA1}.Release|Any CPU.Build.0 = Release|Any CPU
		{B408121C-3A84-430B-8BD5-7421C55CE4D0}.Debug|Any CPU.ActiveCfg = Debug|Any CPU
		{B408121C-3A84-430B-8BD5-7421C55CE4D0}.Debug|Any CPU.Build.0 = Debug|Any CPU
		{B408121C-3A84-430B-8BD5-7421C55CE4D0}.Release|Any CPU.ActiveCfg = Release|Any CPU
		{B408121C-3A84-430B-8BD5-7421C55CE4D0}.Release|Any CPU.Build.0 = Release|Any CPU
		{93D90B67-B6F4-4815-BD11-013AC97CB438}.Debug|Any CPU.ActiveCfg = Debug|Any CPU
		{93D90B67-B6F4-4815-BD11-013AC97CB438}.Debug|Any CPU.Build.0 = Debug|Any CPU
		{93D90B67-B6F4-4815-BD11-013AC97CB438}.Release|Any CPU.ActiveCfg = Release|Any CPU
		{93D90B67-B6F4-4815-BD11-013AC97CB438}.Release|Any CPU.Build.0 = Release|Any CPU
		{77D6C8B3-36A5-4E80-9C31-03D9EF320EBE}.Debug|Any CPU.ActiveCfg = Debug|Any CPU
		{77D6C8B3-36A5-4E80-9C31-03D9EF320EBE}.Debug|Any CPU.Build.0 = Debug|Any CPU
		{77D6C8B3-36A5-4E80-9C31-03D9EF320EBE}.Release|Any CPU.ActiveCfg = Release|Any CPU
		{77D6C8B3-36A5-4E80-9C31-03D9EF320EBE}.Release|Any CPU.Build.0 = Release|Any CPU
		{F1A46F34-5664-40CC-A48A-D63D98B0C132}.Debug|Any CPU.ActiveCfg = Debug|Any CPU
		{F1A46F34-5664-40CC-A48A-D63D98B0C132}.Debug|Any CPU.Build.0 = Debug|Any CPU
		{F1A46F34-5664-40CC-A48A-D63D98B0C132}.Release|Any CPU.ActiveCfg = Release|Any CPU
		{F1A46F34-5664-40CC-A48A-D63D98B0C132}.Release|Any CPU.Build.0 = Release|Any CPU
		{C6119903-0A59-4C28-9316-3D23A64D0929}.Debug|Any CPU.ActiveCfg = Debug|Any CPU
		{C6119903-0A59-4C28-9316-3D23A64D0929}.Debug|Any CPU.Build.0 = Debug|Any CPU
		{C6119903-0A59-4C28-9316-3D23A64D0929}.Release|Any CPU.ActiveCfg = Release|Any CPU
		{C6119903-0A59-4C28-9316-3D23A64D0929}.Release|Any CPU.Build.0 = Release|Any CPU
		{41FBCECF-8D7D-41B1-8F17-D2A963D8D9F5}.Debug|Any CPU.ActiveCfg = Debug|Any CPU
		{41FBCECF-8D7D-41B1-8F17-D2A963D8D9F5}.Debug|Any CPU.Build.0 = Debug|Any CPU
		{41FBCECF-8D7D-41B1-8F17-D2A963D8D9F5}.Release|Any CPU.ActiveCfg = Release|Any CPU
		{41FBCECF-8D7D-41B1-8F17-D2A963D8D9F5}.Release|Any CPU.Build.0 = Release|Any CPU
		{F946DF7F-9E3C-4C41-938B-BE265A835389}.Debug|Any CPU.ActiveCfg = Debug|Any CPU
		{F946DF7F-9E3C-4C41-938B-BE265A835389}.Debug|Any CPU.Build.0 = Debug|Any CPU
		{F946DF7F-9E3C-4C41-938B-BE265A835389}.Release|Any CPU.ActiveCfg = Release|Any CPU
		{F946DF7F-9E3C-4C41-938B-BE265A835389}.Release|Any CPU.Build.0 = Release|Any CPU
		{007D35B1-DA97-446E-8EDE-BBF1D385B336}.Debug|Any CPU.ActiveCfg = Debug|Any CPU
		{007D35B1-DA97-446E-8EDE-BBF1D385B336}.Debug|Any CPU.Build.0 = Debug|Any CPU
		{007D35B1-DA97-446E-8EDE-BBF1D385B336}.Release|Any CPU.ActiveCfg = Release|Any CPU
		{007D35B1-DA97-446E-8EDE-BBF1D385B336}.Release|Any CPU.Build.0 = Release|Any CPU
		{2EF783E8-8EF5-4D46-839C-8BA2B0092317}.Debug|Any CPU.ActiveCfg = Debug|Any CPU
		{2EF783E8-8EF5-4D46-839C-8BA2B0092317}.Debug|Any CPU.Build.0 = Debug|Any CPU
		{2EF783E8-8EF5-4D46-839C-8BA2B0092317}.Release|Any CPU.ActiveCfg = Release|Any CPU
		{2EF783E8-8EF5-4D46-839C-8BA2B0092317}.Release|Any CPU.Build.0 = Release|Any CPU
		{D10D6A1F-DEE4-4588-AB61-3DCDDA0969A9}.Debug|Any CPU.ActiveCfg = Debug|Any CPU
		{D10D6A1F-DEE4-4588-AB61-3DCDDA0969A9}.Debug|Any CPU.Build.0 = Debug|Any CPU
		{D10D6A1F-DEE4-4588-AB61-3DCDDA0969A9}.Release|Any CPU.ActiveCfg = Release|Any CPU
		{D10D6A1F-DEE4-4588-AB61-3DCDDA0969A9}.Release|Any CPU.Build.0 = Release|Any CPU
		{1CB89F11-F73D-4E07-A765-52059FBF4A15}.Debug|Any CPU.ActiveCfg = Debug|Any CPU
		{1CB89F11-F73D-4E07-A765-52059FBF4A15}.Debug|Any CPU.Build.0 = Debug|Any CPU
		{1CB89F11-F73D-4E07-A765-52059FBF4A15}.Release|Any CPU.ActiveCfg = Release|Any CPU
		{1CB89F11-F73D-4E07-A765-52059FBF4A15}.Release|Any CPU.Build.0 = Release|Any CPU
		{3D51320E-D5A1-4035-B85B-A3E1B25AF9E1}.Debug|Any CPU.ActiveCfg = Debug|Any CPU
		{3D51320E-D5A1-4035-B85B-A3E1B25AF9E1}.Debug|Any CPU.Build.0 = Debug|Any CPU
		{3D51320E-D5A1-4035-B85B-A3E1B25AF9E1}.Release|Any CPU.ActiveCfg = Release|Any CPU
		{3D51320E-D5A1-4035-B85B-A3E1B25AF9E1}.Release|Any CPU.Build.0 = Release|Any CPU
		{2237A04F-DA58-4D0E-A3E7-52703442F430}.Debug|Any CPU.ActiveCfg = Debug|Any CPU
		{2237A04F-DA58-4D0E-A3E7-52703442F430}.Debug|Any CPU.Build.0 = Debug|Any CPU
		{2237A04F-DA58-4D0E-A3E7-52703442F430}.Release|Any CPU.ActiveCfg = Release|Any CPU
		{2237A04F-DA58-4D0E-A3E7-52703442F430}.Release|Any CPU.Build.0 = Release|Any CPU
		{4715905F-4430-480D-BC8F-2D32DEB5A4D3}.Debug|Any CPU.ActiveCfg = Debug|Any CPU
		{4715905F-4430-480D-BC8F-2D32DEB5A4D3}.Debug|Any CPU.Build.0 = Debug|Any CPU
		{4715905F-4430-480D-BC8F-2D32DEB5A4D3}.Release|Any CPU.ActiveCfg = Release|Any CPU
		{4715905F-4430-480D-BC8F-2D32DEB5A4D3}.Release|Any CPU.Build.0 = Release|Any CPU
		{2705BF22-66FA-4539-BB71-86825786904B}.Debug|Any CPU.ActiveCfg = Debug|Any CPU
		{2705BF22-66FA-4539-BB71-86825786904B}.Debug|Any CPU.Build.0 = Debug|Any CPU
		{2705BF22-66FA-4539-BB71-86825786904B}.Release|Any CPU.ActiveCfg = Release|Any CPU
		{2705BF22-66FA-4539-BB71-86825786904B}.Release|Any CPU.Build.0 = Release|Any CPU
		{AFF44E82-F284-44DE-A2D5-EB826BC9FE9B}.Debug|Any CPU.ActiveCfg = Debug|Any CPU
		{AFF44E82-F284-44DE-A2D5-EB826BC9FE9B}.Debug|Any CPU.Build.0 = Debug|Any CPU
		{AFF44E82-F284-44DE-A2D5-EB826BC9FE9B}.Release|Any CPU.ActiveCfg = Release|Any CPU
		{AFF44E82-F284-44DE-A2D5-EB826BC9FE9B}.Release|Any CPU.Build.0 = Release|Any CPU
		{326F8845-D832-405B-A3BD-1B3F71D1A402}.Debug|Any CPU.ActiveCfg = Debug|Any CPU
		{326F8845-D832-405B-A3BD-1B3F71D1A402}.Debug|Any CPU.Build.0 = Debug|Any CPU
		{326F8845-D832-405B-A3BD-1B3F71D1A402}.Release|Any CPU.ActiveCfg = Release|Any CPU
		{326F8845-D832-405B-A3BD-1B3F71D1A402}.Release|Any CPU.Build.0 = Release|Any CPU
		{D9A63371-AA6A-4A57-B2DE-9D8E31066633}.Debug|Any CPU.ActiveCfg = Debug|Any CPU
		{D9A63371-AA6A-4A57-B2DE-9D8E31066633}.Debug|Any CPU.Build.0 = Debug|Any CPU
		{D9A63371-AA6A-4A57-B2DE-9D8E31066633}.Release|Any CPU.ActiveCfg = Release|Any CPU
		{D9A63371-AA6A-4A57-B2DE-9D8E31066633}.Release|Any CPU.Build.0 = Release|Any CPU
	EndGlobalSection
	GlobalSection(SolutionProperties) = preSolution
		HideSolutionNode = FALSE
	EndGlobalSection
	GlobalSection(NestedProjects) = preSolution
		{3D51320E-D5A1-4035-B85B-A3E1B25AF9E1} = {02EA681E-C7D8-13C7-8484-4AC65E1B71E8}
		{2237A04F-DA58-4D0E-A3E7-52703442F430} = {02EA681E-C7D8-13C7-8484-4AC65E1B71E8}
		{4715905F-4430-480D-BC8F-2D32DEB5A4D3} = {02EA681E-C7D8-13C7-8484-4AC65E1B71E8}
		{2705BF22-66FA-4539-BB71-86825786904B} = {02EA681E-C7D8-13C7-8484-4AC65E1B71E8}
	EndGlobalSection
	GlobalSection(ExtensibilityGlobals) = postSolution
		SolutionGuid = {709162F6-35AA-438C-B07A-9CC960EEDEDF}
	EndGlobalSection
EndGlobal
